# @generated by Move, please check-in and do not edit manually.

[move]
version = 3
manifest_digest = "6449D9FD58E61D855DB75DB208A18BDE3AC35B49CEE0BF32F7C3B24A3D72CA22"
deps_digest = "F8BBB0CCB2491CA29A3DF03D6F92277A4F3574266507ACD77214D37ECA3F3082"
dependencies = [
  { id = "Sui", name = "Sui" },
]

[[move.package]]
id = "MoveStdlib"
source = { git = "https://github.com/MystenLabs/sui.git", rev = "framework/testnet", subdir = "crates\\sui-framework\\packages\\move-stdlib" }

[[move.package]]
id = "Sui"
source = { git = "https://github.com/MystenLabs/sui.git", rev = "framework/testnet", subdir = "crates/sui-framework/packages/sui-framework" }

dependencies = [
  { id = "MoveStdlib", name = "MoveStdlib" },
]

[move.toolchain-version]
compiler-version = "1.57.2"
edition = "2024.beta"
flavor = "sui"

[env]

[env.testnet-final]
chain-id = "4c78adac"
original-published-id = "0x601309dfba134af0a8885ee9296adc512762bac597fad2da5d08978bfda0cc99"
latest-published-id = "0x601309dfba134af0a8885ee9296adc512762bac597fad2da5d08978bfda0cc99"
published-version = "1"
